// !$*UTF8*$!
{
	archiveVersion = 1;
	classes = {
	};
	objectVersion = 55;
	objects = {

/* Begin PBXBuildFile section */
		7D025D0127DB47620057979B /* MarkdownStyleGroup.swift in Sources */ = {isa = PBXBuildFile; fileRef = 7D025D0027DB47620057979B /* MarkdownStyleGroup.swift */; };
		7D025D0227DB47620057979B /* MarkdownStyleGroup.swift in Sources */ = {isa = PBXBuildFile; fileRef = 7D025D0027DB47620057979B /* MarkdownStyleGroup.swift */; };
		7D025D0427DBCC3A0057979B /* ListGroup.swift in Sources */ = {isa = PBXBuildFile; fileRef = 7D025D0327DBCC390057979B /* ListGroup.swift */; };
		7D025D0527DBCC3A0057979B /* ListGroup.swift in Sources */ = {isa = PBXBuildFile; fileRef = 7D025D0327DBCC390057979B /* ListGroup.swift */; };
		7D6033B627DAE4DD00F7B36B /* DemoList.swift in Sources */ = {isa = PBXBuildFile; fileRef = 7D6033B527DAE4DD00F7B36B /* DemoList.swift */; };
		7D6033B727DAE4DD00F7B36B /* DemoList.swift in Sources */ = {isa = PBXBuildFile; fileRef = 7D6033B527DAE4DD00F7B36B /* DemoList.swift */; };
		7D6033B927DAE5DC00F7B36B /* DemoRow.swift in Sources */ = {isa = PBXBuildFile; fileRef = 7D6033B827DAE5DC00F7B36B /* DemoRow.swift */; };
		7D6033BA27DAE5DC00F7B36B /* DemoRow.swift in Sources */ = {isa = PBXBuildFile; fileRef = 7D6033B827DAE5DC00F7B36B /* DemoRow.swift */; };
		7D6033C027DAEB7E00F7B36B /* CodeGroup.swift in Sources */ = {isa = PBXBuildFile; fileRef = 7D6033BF27DAEB7E00F7B36B /* CodeGroup.swift */; };
		7D6033C127DAEB7E00F7B36B /* CodeGroup.swift in Sources */ = {isa = PBXBuildFile; fileRef = 7D6033BF27DAEB7E00F7B36B /* CodeGroup.swift */; };
		7D6033C327DAF08000F7B36B /* HomeGroup.swift in Sources */ = {isa = PBXBuildFile; fileRef = 7D6033C227DAF08000F7B36B /* HomeGroup.swift */; };
		7D6033C427DAF08000F7B36B /* HomeGroup.swift in Sources */ = {isa = PBXBuildFile; fileRef = 7D6033C227DAF08000F7B36B /* HomeGroup.swift */; };
		7D6033C627DAF1D900F7B36B /* BaseMarkdownGroup.swift in Sources */ = {isa = PBXBuildFile; fileRef = 7D6033C527DAF1D900F7B36B /* BaseMarkdownGroup.swift */; };
		7D6033C727DAF1D900F7B36B /* BaseMarkdownGroup.swift in Sources */ = {isa = PBXBuildFile; fileRef = 7D6033C527DAF1D900F7B36B /* BaseMarkdownGroup.swift */; };
		7D6033C927DB2A4A00F7B36B /* ToDoGroup.swift in Sources */ = {isa = PBXBuildFile; fileRef = 7D6033C827DB2A4A00F7B36B /* ToDoGroup.swift */; };
		7D6033CA27DB2A4B00F7B36B /* ToDoGroup.swift in Sources */ = {isa = PBXBuildFile; fileRef = 7D6033C827DB2A4A00F7B36B /* ToDoGroup.swift */; };
		7D6AF8C327D9DF2300EE5204 /* ExampleApp.swift in Sources */ = {isa = PBXBuildFile; fileRef = 7D6AF8B327D9DF2200EE5204 /* ExampleApp.swift */; };
		7D6AF8C427D9DF2300EE5204 /* ExampleApp.swift in Sources */ = {isa = PBXBuildFile; fileRef = 7D6AF8B327D9DF2200EE5204 /* ExampleApp.swift */; };
		7D6AF8C727D9DF2300EE5204 /* Assets.xcassets in Resources */ = {isa = PBXBuildFile; fileRef = 7D6AF8B527D9DF2300EE5204 /* Assets.xcassets */; };
		7D6AF8C827D9DF2300EE5204 /* Assets.xcassets in Resources */ = {isa = PBXBuildFile; fileRef = 7D6AF8B527D9DF2300EE5204 /* Assets.xcassets */; };
		7D6AF8DD27D9EEA500EE5204 /* Markdown in Frameworks */ = {isa = PBXBuildFile; fileRef = 7D6AF8D727D9E43500EE5204 /* Markdown */; };
		7D6AF8DF27D9EEFC00EE5204 /* Markdown in Frameworks */ = {isa = PBXBuildFile; productRef = 7D6AF8DE27D9EEFC00EE5204 /* Markdown */; };
		7D6AF8E227DA73B100EE5204 /* Markdown in Frameworks */ = {isa = PBXBuildFile; productRef = 7D6AF8E127DA73B100EE5204 /* Markdown */; };
		7D8C8BA027DD22CA0022929A /* KaTeXGroup.swift in Sources */ = {isa = PBXBuildFile; fileRef = 7D8C8B9F27DD22CA0022929A /* KaTeXGroup.swift */; };
		7D8C8BA127DD22CA0022929A /* KaTeXGroup.swift in Sources */ = {isa = PBXBuildFile; fileRef = 7D8C8B9F27DD22CA0022929A /* KaTeXGroup.swift */; };
/* End PBXBuildFile section */

/* Begin PBXFileReference section */
		7D025D0027DB47620057979B /* MarkdownStyleGroup.swift */ = {isa = PBXFileReference; lastKnownFileType = sourcecode.swift; path = MarkdownStyleGroup.swift; sourceTree = "<group>"; };
		7D025D0327DBCC390057979B /* ListGroup.swift */ = {isa = PBXFileReference; lastKnownFileType = sourcecode.swift; path = ListGroup.swift; sourceTree = "<group>"; };
		7D6033B527DAE4DD00F7B36B /* DemoList.swift */ = {isa = PBXFileReference; lastKnownFileType = sourcecode.swift; path = DemoList.swift; sourceTree = "<group>"; };
		7D6033B827DAE5DC00F7B36B /* DemoRow.swift */ = {isa = PBXFileReference; lastKnownFileType = sourcecode.swift; path = DemoRow.swift; sourceTree = "<group>"; };
		7D6033BF27DAEB7E00F7B36B /* CodeGroup.swift */ = {isa = PBXFileReference; lastKnownFileType = sourcecode.swift; path = CodeGroup.swift; sourceTree = "<group>"; };
		7D6033C227DAF08000F7B36B /* HomeGroup.swift */ = {isa = PBXFileReference; lastKnownFileType = sourcecode.swift; path = HomeGroup.swift; sourceTree = "<group>"; };
		7D6033C527DAF1D900F7B36B /* BaseMarkdownGroup.swift */ = {isa = PBXFileReference; lastKnownFileType = sourcecode.swift; path = BaseMarkdownGroup.swift; sourceTree = "<group>"; };
		7D6033C827DB2A4A00F7B36B /* ToDoGroup.swift */ = {isa = PBXFileReference; lastKnownFileType = sourcecode.swift; path = ToDoGroup.swift; sourceTree = "<group>"; };
		7D6AF8B327D9DF2200EE5204 /* ExampleApp.swift */ = {isa = PBXFileReference; lastKnownFileType = sourcecode.swift; path = ExampleApp.swift; sourceTree = "<group>"; };
		7D6AF8B527D9DF2300EE5204 /* Assets.xcassets */ = {isa = PBXFileReference; lastKnownFileType = folder.assetcatalog; path = Assets.xcassets; sourceTree = "<group>"; };
		7D6AF8BA27D9DF2300EE5204 /* Example.app */ = {isa = PBXFileReference; explicitFileType = wrapper.application; includeInIndex = 0; path = Example.app; sourceTree = BUILT_PRODUCTS_DIR; };
		7D6AF8C027D9DF2300EE5204 /* Example.app */ = {isa = PBXFileReference; explicitFileType = wrapper.application; includeInIndex = 0; path = Example.app; sourceTree = BUILT_PRODUCTS_DIR; };
		7D6AF8C227D9DF2300EE5204 /* macOS.entitlements */ = {isa = PBXFileReference; lastKnownFileType = text.plist.entitlements; path = macOS.entitlements; sourceTree = "<group>"; };
		7D6AF8D727D9E43500EE5204 /* Markdown */ = {isa = PBXFileReference; lastKnownFileType = wrapper; name = Markdown; path = ..; sourceTree = "<group>"; };
		7D8C8B9F27DD22CA0022929A /* KaTeXGroup.swift */ = {isa = PBXFileReference; lastKnownFileType = sourcecode.swift; path = KaTeXGroup.swift; sourceTree = "<group>"; };
/* End PBXFileReference section */

/* Begin PBXFrameworksBuildPhase section */
		7D6AF8B727D9DF2300EE5204 /* Frameworks */ = {
			isa = PBXFrameworksBuildPhase;
			buildActionMask = 2147483647;
			files = (
				7D6AF8E227DA73B100EE5204 /* Markdown in Frameworks */,
			);
			runOnlyForDeploymentPostprocessing = 0;
		};
		7D6AF8BD27D9DF2300EE5204 /* Frameworks */ = {
			isa = PBXFrameworksBuildPhase;
			buildActionMask = 2147483647;
			files = (
				7D6AF8DD27D9EEA500EE5204 /* Markdown in Frameworks */,
				7D6AF8DF27D9EEFC00EE5204 /* Markdown in Frameworks */,
			);
			runOnlyForDeploymentPostprocessing = 0;
		};
/* End PBXFrameworksBuildPhase section */

/* Begin PBXGroup section */
		7D6033BE27DAEB6B00F7B36B /* Group */ = {
			isa = PBXGroup;
			children = (
				7D6033BF27DAEB7E00F7B36B /* CodeGroup.swift */,
				7D6033C227DAF08000F7B36B /* HomeGroup.swift */,
				7D6033C527DAF1D900F7B36B /* BaseMarkdownGroup.swift */,
				7D6033C827DB2A4A00F7B36B /* ToDoGroup.swift */,
				7D025D0027DB47620057979B /* MarkdownStyleGroup.swift */,
				7D025D0327DBCC390057979B /* ListGroup.swift */,
				7D8C8B9F27DD22CA0022929A /* KaTeXGroup.swift */,
			);
			path = Group;
			sourceTree = "<group>";
		};
		7D6AF8AD27D9DF2200EE5204 = {
			isa = PBXGroup;
			children = (
				7D6AF8D627D9E43500EE5204 /* Packages */,
				7D6AF8B227D9DF2200EE5204 /* Shared */,
				7D6AF8C127D9DF2300EE5204 /* macOS */,
				7D6AF8BB27D9DF2300EE5204 /* Products */,
				7D6AF8D327D9E39100EE5204 /* Frameworks */,
			);
			sourceTree = "<group>";
		};
		7D6AF8B227D9DF2200EE5204 /* Shared */ = {
			isa = PBXGroup;
			children = (
				7D6033BE27DAEB6B00F7B36B /* Group */,
				7D6AF8B327D9DF2200EE5204 /* ExampleApp.swift */,
				7D6AF8B527D9DF2300EE5204 /* Assets.xcassets */,
				7D6033B527DAE4DD00F7B36B /* DemoList.swift */,
				7D6033B827DAE5DC00F7B36B /* DemoRow.swift */,
			);
			path = Shared;
			sourceTree = "<group>";
		};
		7D6AF8BB27D9DF2300EE5204 /* Products */ = {
			isa = PBXGroup;
			children = (
				7D6AF8BA27D9DF2300EE5204 /* Example.app */,
				7D6AF8C027D9DF2300EE5204 /* Example.app */,
			);
			name = Products;
			sourceTree = "<group>";
		};
		7D6AF8C127D9DF2300EE5204 /* macOS */ = {
			isa = PBXGroup;
			children = (
				7D6AF8C227D9DF2300EE5204 /* macOS.entitlements */,
			);
			path = macOS;
			sourceTree = "<group>";
		};
		7D6AF8D327D9E39100EE5204 /* Frameworks */ = {
			isa = PBXGroup;
			children = (
			);
			name = Frameworks;
			sourceTree = "<group>";
		};
		7D6AF8D627D9E43500EE5204 /* Packages */ = {
			isa = PBXGroup;
			children = (
				7D6AF8D727D9E43500EE5204 /* Markdown */,
			);
			name = Packages;
			sourceTree = "<group>";
		};
/* End PBXGroup section */

/* Begin PBXNativeTarget section */
		7D6AF8B927D9DF2300EE5204 /* Example (iOS) */ = {
			isa = PBXNativeTarget;
			buildConfigurationList = 7D6AF8CB27D9DF2300EE5204 /* Build configuration list for PBXNativeTarget "Example (iOS)" */;
			buildPhases = (
				7D6AF8B627D9DF2300EE5204 /* Sources */,
				7D6AF8B727D9DF2300EE5204 /* Frameworks */,
				7D6AF8B827D9DF2300EE5204 /* Resources */,
			);
			buildRules = (
			);
			dependencies = (
			);
			name = "Example (iOS)";
			packageProductDependencies = (
				7D6AF8E127DA73B100EE5204 /* Markdown */,
			);
			productName = "Example (iOS)";
			productReference = 7D6AF8BA27D9DF2300EE5204 /* Example.app */;
			productType = "com.apple.product-type.application";
		};
		7D6AF8BF27D9DF2300EE5204 /* Example (macOS) */ = {
			isa = PBXNativeTarget;
			buildConfigurationList = 7D6AF8CE27D9DF2300EE5204 /* Build configuration list for PBXNativeTarget "Example (macOS)" */;
			buildPhases = (
				7D6AF8BC27D9DF2300EE5204 /* Sources */,
				7D6AF8BD27D9DF2300EE5204 /* Frameworks */,
				7D6AF8BE27D9DF2300EE5204 /* Resources */,
			);
			buildRules = (
			);
			dependencies = (
			);
			name = "Example (macOS)";
			packageProductDependencies = (
				7D6AF8DE27D9EEFC00EE5204 /* Markdown */,
			);
			productName = "Example (macOS)";
			productReference = 7D6AF8C027D9DF2300EE5204 /* Example.app */;
			productType = "com.apple.product-type.application";
		};
/* End PBXNativeTarget section */

/* Begin PBXProject section */
		7D6AF8AE27D9DF2200EE5204 /* Project object */ = {
			isa = PBXProject;
			attributes = {
				BuildIndependentTargetsInParallel = 1;
				LastSwiftUpdateCheck = 1320;
				LastUpgradeCheck = 1330;
				TargetAttributes = {
					7D6AF8B927D9DF2300EE5204 = {
						CreatedOnToolsVersion = 13.2.1;
					};
					7D6AF8BF27D9DF2300EE5204 = {
						CreatedOnToolsVersion = 13.2.1;
					};
				};
			};
			buildConfigurationList = 7D6AF8B127D9DF2200EE5204 /* Build configuration list for PBXProject "Example" */;
			compatibilityVersion = "Xcode 13.0";
			developmentRegion = en;
			hasScannedForEncodings = 0;
			knownRegions = (
				en,
				Base,
			);
			mainGroup = 7D6AF8AD27D9DF2200EE5204;
			productRefGroup = 7D6AF8BB27D9DF2300EE5204 /* Products */;
			projectDirPath = "";
			projectRoot = "";
			targets = (
				7D6AF8B927D9DF2300EE5204 /* Example (iOS) */,
				7D6AF8BF27D9DF2300EE5204 /* Example (macOS) */,
			);
		};
/* End PBXProject section */

/* Begin PBXResourcesBuildPhase section */
		7D6AF8B827D9DF2300EE5204 /* Resources */ = {
			isa = PBXResourcesBuildPhase;
			buildActionMask = 2147483647;
			files = (
				7D6AF8C727D9DF2300EE5204 /* Assets.xcassets in Resources */,
			);
			runOnlyForDeploymentPostprocessing = 0;
		};
		7D6AF8BE27D9DF2300EE5204 /* Resources */ = {
			isa = PBXResourcesBuildPhase;
			buildActionMask = 2147483647;
			files = (
				7D6AF8C827D9DF2300EE5204 /* Assets.xcassets in Resources */,
			);
			runOnlyForDeploymentPostprocessing = 0;
		};
/* End PBXResourcesBuildPhase section */

/* Begin PBXSourcesBuildPhase section */
		7D6AF8B627D9DF2300EE5204 /* Sources */ = {
			isa = PBXSourcesBuildPhase;
			buildActionMask = 2147483647;
			files = (
				7D025D0427DBCC3A0057979B /* ListGroup.swift in Sources */,
				7D6033C927DB2A4A00F7B36B /* ToDoGroup.swift in Sources */,
				7D025D0127DB47620057979B /* MarkdownStyleGroup.swift in Sources */,
				7D8C8BA027DD22CA0022929A /* KaTeXGroup.swift in Sources */,
				7D6033C627DAF1D900F7B36B /* BaseMarkdownGroup.swift in Sources */,
				7D6033C027DAEB7E00F7B36B /* CodeGroup.swift in Sources */,
				7D6033C327DAF08000F7B36B /* HomeGroup.swift in Sources */,
				7D6033B927DAE5DC00F7B36B /* DemoRow.swift in Sources */,
				7D6033B627DAE4DD00F7B36B /* DemoList.swift in Sources */,
				7D6AF8C327D9DF2300EE5204 /* ExampleApp.swift in Sources */,
			);
			runOnlyForDeploymentPostprocessing = 0;
		};
		7D6AF8BC27D9DF2300EE5204 /* Sources */ = {
			isa = PBXSourcesBuildPhase;
			buildActionMask = 2147483647;
			files = (
				7D025D0527DBCC3A0057979B /* ListGroup.swift in Sources */,
				7D6033CA27DB2A4B00F7B36B /* ToDoGroup.swift in Sources */,
				7D025D0227DB47620057979B /* MarkdownStyleGroup.swift in Sources */,
				7D8C8BA127DD22CA0022929A /* KaTeXGroup.swift in Sources */,
				7D6033C727DAF1D900F7B36B /* BaseMarkdownGroup.swift in Sources */,
				7D6033C127DAEB7E00F7B36B /* CodeGroup.swift in Sources */,
				7D6033C427DAF08000F7B36B /* HomeGroup.swift in Sources */,
				7D6033BA27DAE5DC00F7B36B /* DemoRow.swift in Sources */,
				7D6033B727DAE4DD00F7B36B /* DemoList.swift in Sources */,
				7D6AF8C427D9DF2300EE5204 /* ExampleApp.swift in Sources */,
			);
			runOnlyForDeploymentPostprocessing = 0;
		};
/* End PBXSourcesBuildPhase section */

/* Begin XCBuildConfiguration section */
		7D6AF8C927D9DF2300EE5204 /* Debug */ = {
			isa = XCBuildConfiguration;
			buildSettings = {
				ALWAYS_SEARCH_USER_PATHS = NO;
				CLANG_ANALYZER_NONNULL = YES;
				CLANG_ANALYZER_NUMBER_OBJECT_CONVERSION = YES_AGGRESSIVE;
				CLANG_CXX_LANGUAGE_STANDARD = "gnu++17";
				CLANG_CXX_LIBRARY = "libc++";
				CLANG_ENABLE_MODULES = YES;
				CLANG_ENABLE_OBJC_ARC = YES;
				CLANG_ENABLE_OBJC_WEAK = YES;
				CLANG_WARN_BLOCK_CAPTURE_AUTORELEASING = YES;
				CLANG_WARN_BOOL_CONVERSION = YES;
				CLANG_WARN_COMMA = YES;
				CLANG_WARN_CONSTANT_CONVERSION = YES;
				CLANG_WARN_DEPRECATED_OBJC_IMPLEMENTATIONS = YES;
				CLANG_WARN_DIRECT_OBJC_ISA_USAGE = YES_ERROR;
				CLANG_WARN_DOCUMENTATION_COMMENTS = YES;
				CLANG_WARN_EMPTY_BODY = YES;
				CLANG_WARN_ENUM_CONVERSION = YES;
				CLANG_WARN_INFINITE_RECURSION = YES;
				CLANG_WARN_INT_CONVERSION = YES;
				CLANG_WARN_NON_LITERAL_NULL_CONVERSION = YES;
				CLANG_WARN_OBJC_IMPLICIT_RETAIN_SELF = YES;
				CLANG_WARN_OBJC_LITERAL_CONVERSION = YES;
				CLANG_WARN_OBJC_ROOT_CLASS = YES_ERROR;
				CLANG_WARN_QUOTED_INCLUDE_IN_FRAMEWORK_HEADER = YES;
				CLANG_WARN_RANGE_LOOP_ANALYSIS = YES;
				CLANG_WARN_STRICT_PROTOTYPES = YES;
				CLANG_WARN_SUSPICIOUS_MOVE = YES;
				CLANG_WARN_UNGUARDED_AVAILABILITY = YES_AGGRESSIVE;
				CLANG_WARN_UNREACHABLE_CODE = YES;
				CLANG_WARN__DUPLICATE_METHOD_MATCH = YES;
				COPY_PHASE_STRIP = NO;
				DEBUG_INFORMATION_FORMAT = dwarf;
				ENABLE_STRICT_OBJC_MSGSEND = YES;
				ENABLE_TESTABILITY = YES;
				GCC_C_LANGUAGE_STANDARD = gnu11;
				GCC_DYNAMIC_NO_PIC = NO;
				GCC_NO_COMMON_BLOCKS = YES;
				GCC_OPTIMIZATION_LEVEL = 0;
				GCC_PREPROCESSOR_DEFINITIONS = (
					"DEBUG=1",
					"$(inherited)",
				);
				GCC_WARN_64_TO_32_BIT_CONVERSION = YES;
				GCC_WARN_ABOUT_RETURN_TYPE = YES_ERROR;
				GCC_WARN_UNDECLARED_SELECTOR = YES;
				GCC_WARN_UNINITIALIZED_AUTOS = YES_AGGRESSIVE;
				GCC_WARN_UNUSED_FUNCTION = YES;
				GCC_WARN_UNUSED_VARIABLE = YES;
				IPHONEOS_DEPLOYMENT_TARGET = 15.0;
				MACOSX_DEPLOYMENT_TARGET = 10.15;
				MTL_ENABLE_DEBUG_INFO = INCLUDE_SOURCE;
				MTL_FAST_MATH = YES;
				ONLY_ACTIVE_ARCH = YES;
				SWIFT_ACTIVE_COMPILATION_CONDITIONS = DEBUG;
				SWIFT_OPTIMIZATION_LEVEL = "-Onone";
			};
			name = Debug;
		};
		7D6AF8CA27D9DF2300EE5204 /* Release */ = {
			isa = XCBuildConfiguration;
			buildSettings = {
				ALWAYS_SEARCH_USER_PATHS = NO;
				CLANG_ANALYZER_NONNULL = YES;
				CLANG_ANALYZER_NUMBER_OBJECT_CONVERSION = YES_AGGRESSIVE;
				CLANG_CXX_LANGUAGE_STANDARD = "gnu++17";
				CLANG_CXX_LIBRARY = "libc++";
				CLANG_ENABLE_MODULES = YES;
				CLANG_ENABLE_OBJC_ARC = YES;
				CLANG_ENABLE_OBJC_WEAK = YES;
				CLANG_WARN_BLOCK_CAPTURE_AUTORELEASING = YES;
				CLANG_WARN_BOOL_CONVERSION = YES;
				CLANG_WARN_COMMA = YES;
				CLANG_WARN_CONSTANT_CONVERSION = YES;
				CLANG_WARN_DEPRECATED_OBJC_IMPLEMENTATIONS = YES;
				CLANG_WARN_DIRECT_OBJC_ISA_USAGE = YES_ERROR;
				CLANG_WARN_DOCUMENTATION_COMMENTS = YES;
				CLANG_WARN_EMPTY_BODY = YES;
				CLANG_WARN_ENUM_CONVERSION = YES;
				CLANG_WARN_INFINITE_RECURSION = YES;
				CLANG_WARN_INT_CONVERSION = YES;
				CLANG_WARN_NON_LITERAL_NULL_CONVERSION = YES;
				CLANG_WARN_OBJC_IMPLICIT_RETAIN_SELF = YES;
				CLANG_WARN_OBJC_LITERAL_CONVERSION = YES;
				CLANG_WARN_OBJC_ROOT_CLASS = YES_ERROR;
				CLANG_WARN_QUOTED_INCLUDE_IN_FRAMEWORK_HEADER = YES;
				CLANG_WARN_RANGE_LOOP_ANALYSIS = YES;
				CLANG_WARN_STRICT_PROTOTYPES = YES;
				CLANG_WARN_SUSPICIOUS_MOVE = YES;
				CLANG_WARN_UNGUARDED_AVAILABILITY = YES_AGGRESSIVE;
				CLANG_WARN_UNREACHABLE_CODE = YES;
				CLANG_WARN__DUPLICATE_METHOD_MATCH = YES;
				COPY_PHASE_STRIP = NO;
				DEBUG_INFORMATION_FORMAT = "dwarf-with-dsym";
				ENABLE_NS_ASSERTIONS = NO;
				ENABLE_STRICT_OBJC_MSGSEND = YES;
				GCC_C_LANGUAGE_STANDARD = gnu11;
				GCC_NO_COMMON_BLOCKS = YES;
				GCC_WARN_64_TO_32_BIT_CONVERSION = YES;
				GCC_WARN_ABOUT_RETURN_TYPE = YES_ERROR;
				GCC_WARN_UNDECLARED_SELECTOR = YES;
				GCC_WARN_UNINITIALIZED_AUTOS = YES_AGGRESSIVE;
				GCC_WARN_UNUSED_FUNCTION = YES;
				GCC_WARN_UNUSED_VARIABLE = YES;
				IPHONEOS_DEPLOYMENT_TARGET = 15.0;
				MACOSX_DEPLOYMENT_TARGET = 10.15;
				MTL_ENABLE_DEBUG_INFO = NO;
				MTL_FAST_MATH = YES;
				SWIFT_COMPILATION_MODE = wholemodule;
				SWIFT_OPTIMIZATION_LEVEL = "-O";
			};
			name = Release;
		};
		7D6AF8CC27D9DF2300EE5204 /* Debug */ = {
			isa = XCBuildConfiguration;
			buildSettings = {
				ASSETCATALOG_COMPILER_APPICON_NAME = AppIcon;
				ASSETCATALOG_COMPILER_GLOBAL_ACCENT_COLOR_NAME = AccentColor;
				CODE_SIGN_STYLE = Automatic;
				CURRENT_PROJECT_VERSION = 1;
				DEVELOPMENT_TEAM = CBX7RA8J63;
				ENABLE_PREVIEWS = YES;
				GENERATE_INFOPLIST_FILE = YES;
				INFOPLIST_KEY_UIApplicationSceneManifest_Generation = YES;
				INFOPLIST_KEY_UIApplicationSupportsIndirectInputEvents = YES;
				INFOPLIST_KEY_UILaunchScreen_Generation = YES;
				INFOPLIST_KEY_UISupportedInterfaceOrientations_iPad = "UIInterfaceOrientationPortrait UIInterfaceOrientationPortraitUpsideDown UIInterfaceOrientationLandscapeLeft UIInterfaceOrientationLandscapeRight";
				INFOPLIST_KEY_UISupportedInterfaceOrientations_iPhone = "UIInterfaceOrientationPortrait UIInterfaceOrientationLandscapeLeft UIInterfaceOrientationLandscapeRight";
				IPHONEOS_DEPLOYMENT_TARGET = 15.2;
				LD_RUNPATH_SEARCH_PATHS = (
					"$(inherited)",
					"@executable_path/Frameworks",
				);
				MARKETING_VERSION = 1.0;
				PRODUCT_BUNDLE_IDENTIFIER = com.wangchujiang.Example;
				PRODUCT_NAME = Example;
				SDKROOT = iphoneos;
				SWIFT_EMIT_LOC_STRINGS = YES;
				SWIFT_VERSION = 5.0;
				TARGETED_DEVICE_FAMILY = "1,2";
			};
			name = Debug;
		};
		7D6AF8CD27D9DF2300EE5204 /* Release */ = {
			isa = XCBuildConfiguration;
			buildSettings = {
				ASSETCATALOG_COMPILER_APPICON_NAME = AppIcon;
				ASSETCATALOG_COMPILER_GLOBAL_ACCENT_COLOR_NAME = AccentColor;
				CODE_SIGN_STYLE = Automatic;
				CURRENT_PROJECT_VERSION = 1;
				DEVELOPMENT_TEAM = CBX7RA8J63;
				ENABLE_PREVIEWS = YES;
				GENERATE_INFOPLIST_FILE = YES;
				INFOPLIST_KEY_UIApplicationSceneManifest_Generation = YES;
				INFOPLIST_KEY_UIApplicationSupportsIndirectInputEvents = YES;
				INFOPLIST_KEY_UILaunchScreen_Generation = YES;
				INFOPLIST_KEY_UISupportedInterfaceOrientations_iPad = "UIInterfaceOrientationPortrait UIInterfaceOrientationPortraitUpsideDown UIInterfaceOrientationLandscapeLeft UIInterfaceOrientationLandscapeRight";
				INFOPLIST_KEY_UISupportedInterfaceOrientations_iPhone = "UIInterfaceOrientationPortrait UIInterfaceOrientationLandscapeLeft UIInterfaceOrientationLandscapeRight";
				IPHONEOS_DEPLOYMENT_TARGET = 15.2;
				LD_RUNPATH_SEARCH_PATHS = (
					"$(inherited)",
					"@executable_path/Frameworks",
				);
				MARKETING_VERSION = 1.0;
				PRODUCT_BUNDLE_IDENTIFIER = com.wangchujiang.Example;
				PRODUCT_NAME = Example;
				SDKROOT = iphoneos;
				SWIFT_EMIT_LOC_STRINGS = YES;
				SWIFT_VERSION = 5.0;
				TARGETED_DEVICE_FAMILY = "1,2";
				VALIDATE_PRODUCT = YES;
			};
			name = Release;
		};
		7D6AF8CF27D9DF2300EE5204 /* Debug */ = {
			isa = XCBuildConfiguration;
			buildSettings = {
				ASSETCATALOG_COMPILER_APPICON_NAME = AppIcon;
				ASSETCATALOG_COMPILER_GLOBAL_ACCENT_COLOR_NAME = AccentColor;
				CODE_SIGN_ENTITLEMENTS = macOS/macOS.entitlements;
				CODE_SIGN_IDENTITY = "-";
				CODE_SIGN_STYLE = Automatic;
				COMBINE_HIDPI_IMAGES = YES;
				CURRENT_PROJECT_VERSION = 1;
				DEVELOPMENT_TEAM = "";
				ENABLE_HARDENED_RUNTIME = YES;
				ENABLE_PREVIEWS = YES;
				GENERATE_INFOPLIST_FILE = YES;
				INFOPLIST_KEY_NSHumanReadableCopyright = "";
				LD_RUNPATH_SEARCH_PATHS = (
					"$(inherited)",
					"@executable_path/../Frameworks",
				);
				MACOSX_DEPLOYMENT_TARGET = 12.1;
				MARKETING_VERSION = 1.0;
				PRODUCT_BUNDLE_IDENTIFIER = com.wangchujiang.Example;
				PRODUCT_NAME = Example;
				SDKROOT = macosx;
				SWIFT_EMIT_LOC_STRINGS = YES;
				SWIFT_VERSION = 5.0;
			};
			name = Debug;
		};
		7D6AF8D027D9DF2300EE5204 /* Release */ = {
			isa = XCBuildConfiguration;
			buildSettings = {
				ASSETCATALOG_COMPILER_APPICON_NAME = AppIcon;
				ASSETCATALOG_COMPILER_GLOBAL_ACCENT_COLOR_NAME = AccentColor;
				CODE_SIGN_ENTITLEMENTS = macOS/macOS.entitlements;
				CODE_SIGN_IDENTITY = "-";
				CODE_SIGN_STYLE = Automatic;
				COMBINE_HIDPI_IMAGES = YES;
				CURRENT_PROJECT_VERSION = 1;
				DEVELOPMENT_TEAM = "";
				ENABLE_HARDENED_RUNTIME = YES;
				ENABLE_PREVIEWS = YES;
				GENERATE_INFOPLIST_FILE = YES;
				INFOPLIST_KEY_NSHumanReadableCopyright = "";
				LD_RUNPATH_SEARCH_PATHS = (
					"$(inherited)",
					"@executable_path/../Frameworks",
				);
				MACOSX_DEPLOYMENT_TARGET = 12.1;
				MARKETING_VERSION = 1.0;
				PRODUCT_BUNDLE_IDENTIFIER = com.wangchujiang.Example;
				PRODUCT_NAME = Example;
				SDKROOT = macosx;
				SWIFT_EMIT_LOC_STRINGS = YES;
				SWIFT_VERSION = 5.0;
			};
			name = Release;
		};
/* End XCBuildConfiguration section */

/* Begin XCConfigurationList section */
		7D6AF8B127D9DF2200EE5204 /* Build configuration list for PBXProject "Example" */ = {
			isa = XCConfigurationList;
			buildConfigurations = (
				7D6AF8C927D9DF2300EE5204 /* Debug */,
				7D6AF8CA27D9DF2300EE5204 /* Release */,
			);
			defaultConfigurationIsVisible = 0;
			defaultConfigurationName = Release;
		};
		7D6AF8CB27D9DF2300EE5204 /* Build configuration list for PBXNativeTarget "Example (iOS)" */ = {
			isa = XCConfigurationList;
			buildConfigurations = (
				7D6AF8CC27D9DF2300EE5204 /* Debug */,
				7D6AF8CD27D9DF2300EE5204 /* Release */,
			);
			defaultConfigurationIsVisible = 0;
			defaultConfigurationName = Release;
		};
		7D6AF8CE27D9DF2300EE5204 /* Build configuration list for PBXNativeTarget "Example (macOS)" */ = {
			isa = XCConfigurationList;
			buildConfigurations = (
				7D6AF8CF27D9DF2300EE5204 /* Debug */,
				7D6AF8D027D9DF2300EE5204 /* Release */,
			);
			defaultConfigurationIsVisible = 0;
			defaultConfigurationName = Release;
		};
/* End XCConfigurationList section */

/* Begin XCSwiftPackageProductDependency section */
		7D6AF8DE27D9EEFC00EE5204 /* Markdown */ = {
			isa = XCSwiftPackageProductDependency;
			productName = Markdown;
		};
		7D6AF8E127DA73B100EE5204 /* Markdown */ = {
			isa = XCSwiftPackageProductDependency;
			productName = Markdown;
		};
/* End XCSwiftPackageProductDependency section */
	};
	rootObject = 7D6AF8AE27D9DF2200EE5204 /* Project object */;
}
